
Microsoft Visual Studio Solution File, Format Version 12.00
# Visual Studio 15
VisualStudioVersion = 15.0.28010.2036
MinimumVisualStudioVersion = 10.0.40219.1
Project("{FAE04EC0-301F-11D3-BF4B-00C04F79EFBC}") = "addressbook-web-tests", "addressbook-web-tests\addressbook-web-tests.csproj", "{CE21D5E9-2EA4-4E25-913A-442CDA8D74DB}"
EndProject
Global
	GlobalSection(SolutionConfigurationPlatforms) = preSolution
		Debug|Any CPU = Debug|Any CPU
		Release|Any CPU = Release|Any CPU
	EndGlobalSection
	GlobalSection(ProjectConfigurationPlatforms) = postSolution
		{CE21D5E9-2EA4-4E25-913A-442CDA8D74DB}.Debug|Any CPU.ActiveCfg = Debug|Any CPU
		{CE21D5E9-2EA4-4E25-913A-442CDA8D74DB}.Debug|Any CPU.Build.0 = Debug|Any CPU
		{CE21D5E9-2EA4-4E25-913A-442CDA8D74DB}.Release|Any CPU.ActiveCfg = Release|Any CPU
		{CE21D5E9-2EA4-4E25-913A-442CDA8D74DB}.Release|Any CPU.Build.0 = Release|Any CPU
	EndGlobalSection
	GlobalSection(SolutionProperties) = preSolution
		HideSolutionNode = FALSE
	EndGlobalSection
	GlobalSection(ExtensibilityGlobals) = postSolution
		SolutionGuid = {1F61C3C2-0F3A-4C9B-ADB0-ABE58586820D}
	EndGlobalSection
EndGlobal
